Microsoft Visual Studio Solution File, Format Version 12.00
# Visual Studio 15
VisualStudioVersion = 15.0.26730.15
MinimumVisualStudioVersion = 15.0.26124.0
Project("{9A19103F-16F7-4668-BE54-9A1E7A4F7556}") = "Api", "Api\Api.csproj", "{A224CFDF-E209-43F4-85FB-795C16087904}"
EndProject
Project("{9A19103F-16F7-4668-BE54-9A1E7A4F7556}") = "Domain", "Domain\Domain.csproj", "{B3176C8A-9CC8-42EF-AB9A-49B4A7B45572}"
EndProject
Project("{9A19103F-16F7-4668-BE54-9A1E7A4F7556}") = "Infrastructure", "Infrastructure\Infrastructure.csproj", "{EE4729AC-8F52-4B3D-8588-69C9010BDCBD}"
EndProject
Project("{9A19103F-16F7-4668-BE54-9A1E7A4F7556}") = "Cqrs", "Cqrs\Cqrs.csproj", "{58434016-6EAF-484B-A424-178F8B7C795D}"
EndProject
Global
	GlobalSection(SolutionConfigurationPlatforms) = preSolution
		Debug|Any CPU = Debug|Any CPU
		Debug|x64 = Debug|x64
		Debug|x86 = Debug|x86
		Release|Any CPU = Release|Any CPU
		Release|x64 = Release|x64
		Release|x86 = Release|x86
	EndGlobalSection
	GlobalSection(ProjectConfigurationPlatforms) = postSolution
		{A224CFDF-E209-43F4-85FB-795C16087904}.Debug|Any CPU.ActiveCfg = Debug|Any CPU
		{A224CFDF-E209-43F4-85FB-795C16087904}.Debug|Any CPU.Build.0 = Debug|Any CPU
		{A224CFDF-E209-43F4-85FB-795C16087904}.Debug|x64.ActiveCfg = Debug|Any CPU
		{A224CFDF-E209-43F4-85FB-795C16087904}.Debug|x64.Build.0 = Debug|Any CPU
		{A224CFDF-E209-43F4-85FB-795C16087904}.Debug|x86.ActiveCfg = Debug|Any CPU
		{A224CFDF-E209-43F4-85FB-795C16087904}.Debug|x86.Build.0 = Debug|Any CPU
		{A224CFDF-E209-43F4-85FB-795C16087904}.Release|Any CPU.ActiveCfg = Release|Any CPU
		{A224CFDF-E209-43F4-85FB-795C16087904}.Release|Any CPU.Build.0 = Release|Any CPU
		{A224CFDF-E209-43F4-85FB-795C16087904}.Release|x64.ActiveCfg = Release|Any CPU
		{A224CFDF-E209-43F4-85FB-795C16087904}.Release|x64.Build.0 = Release|Any CPU
		{A224CFDF-E209-43F4-85FB-795C16087904}.Release|x86.ActiveCfg = Release|Any CPU
		{A224CFDF-E209-43F4-85FB-795C16087904}.Release|x86.Build.0 = Release|Any CPU
		{B3176C8A-9CC8-42EF-AB9A-49B4A7B45572}.Debug|Any CPU.ActiveCfg = Debug|Any CPU
		{B3176C8A-9CC8-42EF-AB9A-49B4A7B45572}.Debug|Any CPU.Build.0 = Debug|Any CPU
		{B3176C8A-9CC8-42EF-AB9A-49B4A7B45572}.Debug|x64.ActiveCfg = Debug|Any CPU
		{B3176C8A-9CC8-42EF-AB9A-49B4A7B45572}.Debug|x64.Build.0 = Debug|Any CPU
		{B3176C8A-9CC8-42EF-AB9A-49B4A7B45572}.Debug|x86.ActiveCfg = Debug|Any CPU
		{B3176C8A-9CC8-42EF-AB9A-49B4A7B45572}.Debug|x86.Build.0 = Debug|Any CPU
		{B3176C8A-9CC8-42EF-AB9A-49B4A7B45572}.Release|Any CPU.ActiveCfg = Release|Any CPU
		{B3176C8A-9CC8-42EF-AB9A-49B4A7B45572}.Release|Any CPU.Build.0 = Release|Any CPU
		{B3176C8A-9CC8-42EF-AB9A-49B4A7B45572}.Release|x64.ActiveCfg = Release|Any CPU
		{B3176C8A-9CC8-42EF-AB9A-49B4A7B45572}.Release|x64.Build.0 = Release|Any CPU
		{B3176C8A-9CC8-42EF-AB9A-49B4A7B45572}.Release|x86.ActiveCfg = Release|Any CPU
		{B3176C8A-9CC8-42EF-AB9A-49B4A7B45572}.Release|x86.Build.0 = Release|Any CPU
		{EE4729AC-8F52-4B3D-8588-69C9010BDCBD}.Debug|Any CPU.ActiveCfg = Debug|Any CPU
		{EE4729AC-8F52-4B3D-8588-69C9010BDCBD}.Debug|Any CPU.Build.0 = Debug|Any CPU
		{EE4729AC-8F52-4B3D-8588-69C9010BDCBD}.Debug|x64.ActiveCfg = Debug|Any CPU
		{EE4729AC-8F52-4B3D-8588-69C9010BDCBD}.Debug|x64.Build.0 = Debug|Any CPU
		{EE4729AC-8F52-4B3D-8588-69C9010BDCBD}.Debug|x86.ActiveCfg = Debug|Any CPU
		{EE4729AC-8F52-4B3D-8588-69C9010BDCBD}.Debug|x86.Build.0 = Debug|Any CPU
		{EE4729AC-8F52-4B3D-8588-69C9010BDCBD}.Release|Any CPU.ActiveCfg = Release|Any CPU
		{EE4729AC-8F52-4B3D-8588-69C9010BDCBD}.Release|Any CPU.Build.0 = Release|Any CPU
		{EE4729AC-8F52-4B3D-8588-69C9010BDCBD}.Release|x64.ActiveCfg = Release|Any CPU
		{EE4729AC-8F52-4B3D-8588-69C9010BDCBD}.Release|x64.Build.0 = Release|Any CPU
		{EE4729AC-8F52-4B3D-8588-69C9010BDCBD}.Release|x86.ActiveCfg = Release|Any CPU
		{EE4729AC-8F52-4B3D-8588-69C9010BDCBD}.Release|x86.Build.0 = Release|Any CPU
		{58434016-6EAF-484B-A424-178F8B7C795D}.Debug|Any CPU.ActiveCfg = Debug|Any CPU
		{58434016-6EAF-484B-A424-178F8B7C795D}.Debug|Any CPU.Build.0 = Debug|Any CPU
		{58434016-6EAF-484B-A424-178F8B7C795D}.Debug|x64.ActiveCfg = Debug|Any CPU
		{58434016-6EAF-484B-A424-178F8B7C795D}.Debug|x64.Build.0 = Debug|Any CPU
		{58434016-6EAF-484B-A424-178F8B7C795D}.Debug|x86.ActiveCfg = Debug|Any CPU
		{58434016-6EAF-484B-A424-178F8B7C795D}.Debug|x86.Build.0 = Debug|Any CPU
		{58434016-6EAF-484B-A424-178F8B7C795D}.Release|Any CPU.ActiveCfg = Release|Any CPU
		{58434016-6EAF-484B-A424-178F8B7C795D}.Release|Any CPU.Build.0 = Release|Any CPU
		{58434016-6EAF-484B-A424-178F8B7C795D}.Release|x64.ActiveCfg = Release|Any CPU
		{58434016-6EAF-484B-A424-178F8B7C795D}.Release|x64.Build.0 = Release|Any CPU
		{58434016-6EAF-484B-A424-178F8B7C795D}.Release|x86.ActiveCfg = Release|Any CPU
		{58434016-6EAF-484B-A424-178F8B7C795D}.Release|x86.Build.0 = Release|Any CPU
	EndGlobalSection
	GlobalSection(SolutionProperties) = preSolution
		HideSolutionNode = FALSE
	EndGlobalSection
	GlobalSection(ExtensibilityGlobals) = postSolution
		SolutionGuid = {2F804CD0-5195-428A-A09A-88F7E768A442}
	EndGlobalSection
EndGlobal
