Microsoft Visual Studio Solution File, Format Version 12.00
# Visual Studio 15
VisualStudioVersion = 15.0.26730.15
MinimumVisualStudioVersion = 15.0.26124.0
Project("{9A19103F-16F7-4668-BE54-9A1E7A4F7556}") = "Api", "Api\Api.csproj", "{A224CFDF-E209-43F4-85FB-795C16087904}"
EndProject
Project("{9A19103F-16F7-4668-BE54-9A1E7A4F7556}") = "Domain", "Domain\Domain.csproj", "{B3176C8A-9CC8-42EF-AB9A-49B4A7B45572}"
EndProject
Project("{9A19103F-16F7-4668-BE54-9A1E7A4F7556}") = "Infrastructure", "Infrastructure\Infrastructure.csproj", "{EE4729AC-8F52-4B3D-8588-69C9010BDCBD}"
EndProject
Global
	GlobalSection(SolutionConfigurationPlatforms) = preSolution
		Debug|Any CPU = Debug|Any CPU
		Debug|x64 = Debug|x64
		Debug|x86 = Debug|x86
		Release|Any CPU = Release|Any CPU
		Release|x64 = Release|x64
		Release|x86 = Release|x86
	EndGlobalSection
	GlobalSection(ProjectConfigurationPlatforms) = postSolution
		{A224CFDF-E209-43F4-85FB-795C16087904}.Debug|Any CPU.ActiveCfg = Debug|Any CPU
		{A224CFDF-E209-43F4-85FB-795C16087904}.Debug|Any CPU.Build.0 = Debug|Any CPU
		{A224CFDF-E209-43F4-85FB-795C16087904}.Debug|x64.ActiveCfg = Debug|Any CPU
		{A224CFDF-E209-43F4-85FB-795C16087904}.Debug|x64.Build.0 = Debug|Any CPU
		{A224CFDF-E209-43F4-85FB-795C16087904}.Debug|x86.ActiveCfg = Debug|Any CPU
		{A224CFDF-E209-43F4-85FB-795C16087904}.Debug|x86.Build.0 = Debug|Any CPU
		{A224CFDF-E209-43F4-85FB-795C16087904}.Release|Any CPU.ActiveCfg = Release|Any CPU
		{A224CFDF-E209-43F4-85FB-795C16087904}.Release|Any CPU.Build.0 = Release|Any CPU
		{A224CFDF-E209-43F4-85FB-795C16087904}.Release|x64.ActiveCfg = Release|Any CPU
		{A224CFDF-E209-43F4-85FB-795C16087904}.Release|x64.Build.0 = Release|Any CPU
		{A224CFDF-E209-43F4-85FB-795C16087904}.Release|x86.ActiveCfg = Release|Any CPU
		{A224CFDF-E209-43F4-85FB-795C16087904}.Release|x86.Build.0 = Release|Any CPU
		{6666BBEA-479B-44E6-A87C-FF68A538084D}.Debug|Any CPU.ActiveCfg = Debug|Any CPU
		{6666BBEA-479B-44E6-A87C-FF68A538084D}.Debug|Any CPU.Build.0 = Debug|Any CPU
		{6666BBEA-479B-44E6-A87C-FF68A538084D}.Debug|x64.ActiveCfg = Debug|Any CPU
		{6666BBEA-479B-44E6-A87C-FF68A538084D}.Debug|x64.Build.0 = Debug|Any CPU
		{6666BBEA-479B-44E6-A87C-FF68A538084D}.Debug|x86.ActiveCfg = Debug|Any CPU
		{6666BBEA-479B-44E6-A87C-FF68A538084D}.Debug|x86.Build.0 = Debug|Any CPU
		{6666BBEA-479B-44E6-A87C-FF68A538084D}.Release|Any CPU.ActiveCfg = Release|Any CPU
		{6666BBEA-479B-44E6-A87C-FF68A538084D}.Release|Any CPU.Build.0 = Release|Any CPU
		{6666BBEA-479B-44E6-A87C-FF68A538084D}.Release|x64.ActiveCfg = Release|Any CPU
		{6666BBEA-479B-44E6-A87C-FF68A538084D}.Release|x64.Build.0 = Release|Any CPU
		{6666BBEA-479B-44E6-A87C-FF68A538084D}.Release|x86.ActiveCfg = Release|Any CPU
		{6666BBEA-479B-44E6-A87C-FF68A538084D}.Release|x86.Build.0 = Release|Any CPU
		{B3176C8A-9CC8-42EF-AB9A-49B4A7B45572}.Debug|Any CPU.ActiveCfg = Debug|Any CPU
		{B3176C8A-9CC8-42EF-AB9A-49B4A7B45572}.Debug|Any CPU.Build.0 = Debug|Any CPU
		{B3176C8A-9CC8-42EF-AB9A-49B4A7B45572}.Debug|x64.ActiveCfg = Debug|Any CPU
		{B3176C8A-9CC8-42EF-AB9A-49B4A7B45572}.Debug|x64.Build.0 = Debug|Any CPU
		{B3176C8A-9CC8-42EF-AB9A-49B4A7B45572}.Debug|x86.ActiveCfg = Debug|Any CPU
		{B3176C8A-9CC8-42EF-AB9A-49B4A7B45572}.Debug|x86.Build.0 = Debug|Any CPU
		{B3176C8A-9CC8-42EF-AB9A-49B4A7B45572}.Release|Any CPU.ActiveCfg = Release|Any CPU
		{B3176C8A-9CC8-42EF-AB9A-49B4A7B45572}.Release|Any CPU.Build.0 = Release|Any CPU
		{B3176C8A-9CC8-42EF-AB9A-49B4A7B45572}.Release|x64.ActiveCfg = Release|Any CPU
		{B3176C8A-9CC8-42EF-AB9A-49B4A7B45572}.Release|x64.Build.0 = Release|Any CPU
		{B3176C8A-9CC8-42EF-AB9A-49B4A7B45572}.Release|x86.ActiveCfg = Release|Any CPU
		{B3176C8A-9CC8-42EF-AB9A-49B4A7B45572}.Release|x86.Build.0 = Release|Any CPU
		{44F42E73-4426-4092-9BA9-EEE86C8D2FA4}.Debug|Any CPU.ActiveCfg = Debug|Any CPU
		{44F42E73-4426-4092-9BA9-EEE86C8D2FA4}.Debug|Any CPU.Build.0 = Debug|Any CPU
		{44F42E73-4426-4092-9BA9-EEE86C8D2FA4}.Debug|x64.ActiveCfg = Debug|Any CPU
		{44F42E73-4426-4092-9BA9-EEE86C8D2FA4}.Debug|x64.Build.0 = Debug|Any CPU
		{44F42E73-4426-4092-9BA9-EEE86C8D2FA4}.Debug|x86.ActiveCfg = Debug|Any CPU
		{44F42E73-4426-4092-9BA9-EEE86C8D2FA4}.Debug|x86.Build.0 = Debug|Any CPU
		{44F42E73-4426-4092-9BA9-EEE86C8D2FA4}.Release|Any CPU.ActiveCfg = Release|Any CPU
		{44F42E73-4426-4092-9BA9-EEE86C8D2FA4}.Release|Any CPU.Build.0 = Release|Any CPU
		{44F42E73-4426-4092-9BA9-EEE86C8D2FA4}.Release|x64.ActiveCfg = Release|Any CPU
		{44F42E73-4426-4092-9BA9-EEE86C8D2FA4}.Release|x64.Build.0 = Release|Any CPU
		{44F42E73-4426-4092-9BA9-EEE86C8D2FA4}.Release|x86.ActiveCfg = Release|Any CPU
		{44F42E73-4426-4092-9BA9-EEE86C8D2FA4}.Release|x86.Build.0 = Release|Any CPU
		{EE4729AC-8F52-4B3D-8588-69C9010BDCBD}.Debug|Any CPU.ActiveCfg = Debug|Any CPU
		{EE4729AC-8F52-4B3D-8588-69C9010BDCBD}.Debug|Any CPU.Build.0 = Debug|Any CPU
		{EE4729AC-8F52-4B3D-8588-69C9010BDCBD}.Debug|x64.ActiveCfg = Debug|Any CPU
		{EE4729AC-8F52-4B3D-8588-69C9010BDCBD}.Debug|x64.Build.0 = Debug|Any CPU
		{EE4729AC-8F52-4B3D-8588-69C9010BDCBD}.Debug|x86.ActiveCfg = Debug|Any CPU
		{EE4729AC-8F52-4B3D-8588-69C9010BDCBD}.Debug|x86.Build.0 = Debug|Any CPU
		{EE4729AC-8F52-4B3D-8588-69C9010BDCBD}.Release|Any CPU.ActiveCfg = Release|Any CPU
		{EE4729AC-8F52-4B3D-8588-69C9010BDCBD}.Release|Any CPU.Build.0 = Release|Any CPU
		{EE4729AC-8F52-4B3D-8588-69C9010BDCBD}.Release|x64.ActiveCfg = Release|Any CPU
		{EE4729AC-8F52-4B3D-8588-69C9010BDCBD}.Release|x64.Build.0 = Release|Any CPU
		{EE4729AC-8F52-4B3D-8588-69C9010BDCBD}.Release|x86.ActiveCfg = Release|Any CPU
		{EE4729AC-8F52-4B3D-8588-69C9010BDCBD}.Release|x86.Build.0 = Release|Any CPU
		{D4B6B70B-BDEE-4F82-B94E-6EE0EA0B2898}.Debug|Any CPU.ActiveCfg = Debug|Any CPU
		{D4B6B70B-BDEE-4F82-B94E-6EE0EA0B2898}.Debug|Any CPU.Build.0 = Debug|Any CPU
		{D4B6B70B-BDEE-4F82-B94E-6EE0EA0B2898}.Debug|x64.ActiveCfg = Debug|Any CPU
		{D4B6B70B-BDEE-4F82-B94E-6EE0EA0B2898}.Debug|x64.Build.0 = Debug|Any CPU
		{D4B6B70B-BDEE-4F82-B94E-6EE0EA0B2898}.Debug|x86.ActiveCfg = Debug|Any CPU
		{D4B6B70B-BDEE-4F82-B94E-6EE0EA0B2898}.Debug|x86.Build.0 = Debug|Any CPU
		{D4B6B70B-BDEE-4F82-B94E-6EE0EA0B2898}.Release|Any CPU.ActiveCfg = Release|Any CPU
		{D4B6B70B-BDEE-4F82-B94E-6EE0EA0B2898}.Release|Any CPU.Build.0 = Release|Any CPU
		{D4B6B70B-BDEE-4F82-B94E-6EE0EA0B2898}.Release|x64.ActiveCfg = Release|Any CPU
		{D4B6B70B-BDEE-4F82-B94E-6EE0EA0B2898}.Release|x64.Build.0 = Release|Any CPU
		{D4B6B70B-BDEE-4F82-B94E-6EE0EA0B2898}.Release|x86.ActiveCfg = Release|Any CPU
		{D4B6B70B-BDEE-4F82-B94E-6EE0EA0B2898}.Release|x86.Build.0 = Release|Any CPU
		{4BE112CA-37CA-4C15-B32F-C7CC84619089}.Debug|Any CPU.ActiveCfg = Debug|Any CPU
		{4BE112CA-37CA-4C15-B32F-C7CC84619089}.Debug|Any CPU.Build.0 = Debug|Any CPU
		{4BE112CA-37CA-4C15-B32F-C7CC84619089}.Debug|x64.ActiveCfg = Debug|Any CPU
		{4BE112CA-37CA-4C15-B32F-C7CC84619089}.Debug|x64.Build.0 = Debug|Any CPU
		{4BE112CA-37CA-4C15-B32F-C7CC84619089}.Debug|x86.ActiveCfg = Debug|Any CPU
		{4BE112CA-37CA-4C15-B32F-C7CC84619089}.Debug|x86.Build.0 = Debug|Any CPU
		{4BE112CA-37CA-4C15-B32F-C7CC84619089}.Release|Any CPU.ActiveCfg = Release|Any CPU
		{4BE112CA-37CA-4C15-B32F-C7CC84619089}.Release|Any CPU.Build.0 = Release|Any CPU
		{4BE112CA-37CA-4C15-B32F-C7CC84619089}.Release|x64.ActiveCfg = Release|Any CPU
		{4BE112CA-37CA-4C15-B32F-C7CC84619089}.Release|x64.Build.0 = Release|Any CPU
		{4BE112CA-37CA-4C15-B32F-C7CC84619089}.Release|x86.ActiveCfg = Release|Any CPU
		{4BE112CA-37CA-4C15-B32F-C7CC84619089}.Release|x86.Build.0 = Release|Any CPU
	EndGlobalSection
	GlobalSection(SolutionProperties) = preSolution
		HideSolutionNode = FALSE
	EndGlobalSection
	GlobalSection(NestedProjects) = preSolution
		{A224CFDF-E209-43F4-85FB-795C16087904} = {805F7A2B-1286-45CC-B769-3AB81AE2EB9D}
		{6666BBEA-479B-44E6-A87C-FF68A538084D} = {805F7A2B-1286-45CC-B769-3AB81AE2EB9D}
		{B3176C8A-9CC8-42EF-AB9A-49B4A7B45572} = {805F7A2B-1286-45CC-B769-3AB81AE2EB9D}
		{44F42E73-4426-4092-9BA9-EEE86C8D2FA4} = {805F7A2B-1286-45CC-B769-3AB81AE2EB9D}
		{EE4729AC-8F52-4B3D-8588-69C9010BDCBD} = {805F7A2B-1286-45CC-B769-3AB81AE2EB9D}
		{D4B6B70B-BDEE-4F82-B94E-6EE0EA0B2898} = {805F7A2B-1286-45CC-B769-3AB81AE2EB9D}
		{4BE112CA-37CA-4C15-B32F-C7CC84619089} = {805F7A2B-1286-45CC-B769-3AB81AE2EB9D}
	EndGlobalSection
	GlobalSection(ExtensibilityGlobals) = postSolution
		SolutionGuid = {2F804CD0-5195-428A-A09A-88F7E768A442}
	EndGlobalSection
EndGlobal
